# @generated - this file is auto-generated by `mise lock` https://mise.jdx.dev/dev-tools/mise-lock.html

lockfile_version = 1

[[tools.actionlint]]
version = "1.7.7"
backend = "aqua:rhysd/actionlint"
specifiers = ["1.7.7"]

[tools.actionlint."platforms.linux-arm64"]
checksum = "sha256:401942f9c24ed71e4fe71b76c7d638f66d8633575c4016efd2977ce7c28317d0"
url = "https://github.com/rhysd/actionlint/releases/download/v1.7.7/actionlint_1.7.7_linux_arm64.tar.gz"
url_api = "https://api.github.com/repos/rhysd/actionlint/releases/assets/221573255"

[tools.actionlint."platforms.linux-arm64-musl"]
checksum = "sha256:401942f9c24ed71e4fe71b76c7d638f66d8633575c4016efd2977ce7c28317d0"
url = "https://github.com/rhysd/actionlint/releases/download/v1.7.7/actionlint_1.7.7_linux_arm64.tar.gz"
url_api = "https://api.github.com/repos/rhysd/actionlint/releases/assets/221573255"

[tools.actionlint."platforms.linux-x64"]
checksum = "sha256:023070a287cd8cccd71515fedc843f1985bf96c436b7effaecce67290e7e0757"
url = "https://github.com/rhysd/actionlint/releases/download/v1.7.7/actionlint_1.7.7_linux_amd64.tar.gz"
url_api = "https://api.github.com/repos/rhysd/actionlint/releases/assets/221573254"

[tools.actionlint."platforms.linux-x64-musl"]
checksum = "sha256:023070a287cd8cccd71515fedc843f1985bf96c436b7effaecce67290e7e0757"
url = "https://github.com/rhysd/actionlint/releases/download/v1.7.7/actionlint_1.7.7_linux_amd64.tar.gz"
url_api = "https://api.github.com/repos/rhysd/actionlint/releases/assets/221573254"

[tools.actionlint."platforms.macos-arm64"]
checksum = "sha256:2693315b9093aeacb4ebd91a993fea54fc215057bf0da2659056b4bc033873db"
url = "https://github.com/rhysd/actionlint/releases/download/v1.7.7/actionlint_1.7.7_darwin_arm64.tar.gz"
url_api = "https://api.github.com/repos/rhysd/actionlint/releases/assets/221573250"

[tools.actionlint."platforms.macos-x64"]
checksum = "sha256:28e5de5a05fc558474f638323d736d822fff183d2d492f0aecb2b73cc44584f5"
url = "https://github.com/rhysd/actionlint/releases/download/v1.7.7/actionlint_1.7.7_darwin_amd64.tar.gz"
url_api = "https://api.github.com/repos/rhysd/actionlint/releases/assets/221573249"

[tools.actionlint."platforms.windows-x64"]
checksum = "sha256:7f12f1801bca3d480d67aaf7774f4c2a6359a3ca8eebe382c95c10c9704aa731"
url = "https://github.com/rhysd/actionlint/releases/download/v1.7.7/actionlint_1.7.7_windows_amd64.zip"
url_api = "https://api.github.com/repos/rhysd/actionlint/releases/assets/221573260"

[[tools.lychee]]
version = "0.21.0"
backend = "aqua:lycheeverse/lychee"
specifiers = ["0.21.0"]

[tools.lychee."platforms.linux-arm64"]
checksum = "sha256:f92236ea2f7bfbaa236b21e5f6511e1699fcff4e32291ada345e75a91b355846"
url = "https://github.com/lycheeverse/lychee/releases/download/lychee-v0.21.0/lychee-aarch64-unknown-linux-gnu.tar.gz"
url_api = "https://api.github.com/repos/lycheeverse/lychee/releases/assets/307847348"

[tools.lychee."platforms.linux-arm64-musl"]
checksum = "sha256:e3de08afeb4badb1b0c2764f05355bb6772747c5401ee37bdeebbc71312bf8aa"
url = "https://github.com/lycheeverse/lychee/releases/download/lychee-v0.21.0/lychee-aarch64-unknown-linux-musl.tar.gz"
url_api = "https://api.github.com/repos/lycheeverse/lychee/releases/assets/307847844"

[tools.lychee."platforms.linux-x64"]
checksum = "sha256:a06547250f10021dcafc6ed5bb20fca75835b65711745b63cfdda34c29ff6a73"
url = "https://github.com/lycheeverse/lychee/releases/download/lychee-v0.21.0/lychee-x86_64-unknown-linux-gnu.tar.gz"
url_api = "https://api.github.com/repos/lycheeverse/lychee/releases/assets/307846474"

[tools.lychee."platforms.linux-x64-musl"]
checksum = "sha256:b9bd4daccdbcea33921a19b87d79e63a76e63c873ff2a66869bac088e24b4b7c"
url = "https://github.com/lycheeverse/lychee/releases/download/lychee-v0.21.0/lychee-x86_64-unknown-linux-musl.tar.gz"
url_api = "https://api.github.com/repos/lycheeverse/lychee/releases/assets/307847399"

[tools.lychee."platforms.macos-arm64"]
checksum = "sha256:48c1c7f6c767e0f2947b452e7ed819d742d3bc23bcb7cc64aaaf9fe50a8c0b4a"
url = "https://github.com/lycheeverse/lychee/releases/download/lychee-v0.21.0/lychee-arm64-macos.tar.gz"
url_api = "https://api.github.com/repos/lycheeverse/lychee/releases/assets/307845748"

[tools.lychee."platforms.windows-x64"]
checksum = "sha256:a1784c32c63ba46dccef0698ddf6be82a83a7d0455b0fd772423d601e3c70ab4"
url = "https://github.com/lycheeverse/lychee/releases/download/lychee-v0.21.0/lychee-x86_64-windows.exe"
url_api = "https://api.github.com/repos/lycheeverse/lychee/releases/assets/307849336"

[[tools.node]]
version = "22.23.2"
backend = "core:node"
specifiers = ["22"]

[tools.node."platforms.linux-arm64"]
checksum = "sha256:013b59cfd2819703a6f4a14ab891fc46fc2a4e3f5bcd92de3fb4929b43e35b30"
url = "https://nodejs.org/dist/v22.23.2/node-v22.23.2-linux-arm64.tar.gz"

[tools.node."platforms.linux-arm64-musl"]
checksum = "sha256:b7a1a2b1c7c76e47550f17764676939840e0a64b4d04bdd375a4ac14bccaa8d8"
url = "https://unofficial-builds.nodejs.org/download/release/v22.23.2/node-v22.23.2-linux-arm64-musl.tar.gz"

[tools.node."platforms.linux-x64"]
checksum = "sha256:b294a556e639d64338823920e5866c21c02741742d2e1529ee1a225c1ec9252a"
url = "https://nodejs.org/dist/v22.23.2/node-v22.23.2-linux-x64.tar.gz"

[tools.node."platforms.linux-x64-musl"]
checksum = "sha256:396e11ee609eb2e5cb990f045c4d037aa47b2c247f3cecb01c5c162e33ffa9af"
url = "https://unofficial-builds.nodejs.org/download/release/v22.23.2/node-v22.23.2-linux-x64-musl.tar.gz"

[tools.node."platforms.macos-arm64"]
checksum = "sha256:61130f394c1630d211dd50aecc4353d379480f36d3ac913cd85dbba1aed585c6"
url = "https://nodejs.org/dist/v22.23.2/node-v22.23.2-darwin-arm64.tar.gz"

[tools.node."platforms.macos-x64"]
checksum = "sha256:58e99022c2ff89395576cc7fd4d98cea24bb68081475d5f88b801ee8729fb026"
url = "https://nodejs.org/dist/v22.23.2/node-v22.23.2-darwin-x64.tar.gz"

[tools.node."platforms.windows-x64"]
checksum = "sha256:1177b4137ba5adaa56354ae40f1080c7450e8ae09cecb47da459d1c52ac99f97"
url = "https://nodejs.org/dist/v22.23.2/node-v22.23.2-win-x64.zip"

[[tools."pipx:pre-commit"]]
version = "4.5.1"
backend = "pipx:pre-commit"
specifiers = ["4.5.1"]

[[tools."pipx:yamllint"]]
version = "1.37.1"
backend = "pipx:yamllint"
specifiers = ["1.37.1"]

[[tools.pnpm]]
version = "11.20.0"
backend = "aqua:pnpm/pnpm"
specifiers = ["11.20.0"]

[tools.pnpm."platforms.linux-arm64"]
checksum = "sha256:f00fc2041bb41742b7943bf2bb24183ad20320e8384824a8031eb94edf2f57a5"
url = "https://github.com/pnpm/pnpm/releases/download/v11.20.0/pnpm-linux-arm64.tar.gz"
url_api = "https://api.github.com/repos/pnpm/pnpm/releases/assets/500142378"
provenance = "github-attestations"

[tools.pnpm."platforms.linux-arm64-musl"]
checksum = "sha256:2a21235d3f0fbfbcb9e530b9a98f2c64dcee95d1d5d1c2d04428255c7b85f32c"
url = "https://github.com/pnpm/pnpm/releases/download/v11.20.0/pnpm-linux-arm64-musl.tar.gz"
url_api = "https://api.github.com/repos/pnpm/pnpm/releases/assets/500142372"
provenance = "github-attestations"

[tools.pnpm."platforms.linux-x64"]
checksum = "sha256:b4ad6ad2b21db2f8cd50af416c3aa148ba704c31c84893f465a770a01c2c4572"
url = "https://github.com/pnpm/pnpm/releases/download/v11.20.0/pnpm-linux-x64.tar.gz"
url_api = "https://api.github.com/repos/pnpm/pnpm/releases/assets/500142376"
provenance = "github-attestations"

[tools.pnpm."platforms.linux-x64-musl"]
checksum = "sha256:db046881c027f1a2d69e9a530a21a62c2bced4ba8ff437e7300426ae56951fe4"
url = "https://github.com/pnpm/pnpm/releases/download/v11.20.0/pnpm-linux-x64-musl.tar.gz"
url_api = "https://api.github.com/repos/pnpm/pnpm/releases/assets/500142377"
provenance = "github-attestations"

[tools.pnpm."platforms.macos-arm64"]
checksum = "sha256:4bc97fea72e5c92eec1fefc8d410c35d01e0d0d52f3160c59f38c32db58b5cd2"
url = "https://github.com/pnpm/pnpm/releases/download/v11.20.0/pnpm-darwin-arm64.tar.gz"
url_api = "https://api.github.com/repos/pnpm/pnpm/releases/assets/500142373"
provenance = "github-attestations"

[tools.pnpm."platforms.windows-x64"]
checksum = "sha256:ea2528bdc3d96a1ff3c35587dc48ca692b39d77f08f26df4adeaaa9eb427024e"
url = "https://github.com/pnpm/pnpm/releases/download/v11.20.0/pnpm-win32-x64.zip"
url_api = "https://api.github.com/repos/pnpm/pnpm/releases/assets/500142371"
provenance = "github-attestations"

[[tools.python]]
version = "3.12.14"
backend = "core:python"
specifiers = ["3.12"]

[tools.python."platforms.linux-arm64"]
checksum = "sha256:4c250ec7cea2aedde2b2e8925d7aaf5ba4924895469d6b5c81c7bdc453341c65"
url = "https://github.com/astral-sh/python-build-standalone/releases/download/20260825/cpython-3.12.14+20260825-aarch64-unknown-linux-gnu-install_only_stripped.tar.gz"
provenance = "github-attestations"

[tools.python."platforms.linux-arm64-musl"]
checksum = "sha256:92acf3228a5cfe27f492c96e39822d387900eb2cd400c5e93973f32d2fad7fbe"
url = "https://github.com/astral-sh/python-build-standalone/releases/download/20260825/cpython-3.12.14+20260825-aarch64-unknown-linux-musl-install_only_stripped.tar.gz"
provenance = "github-attestations"

[tools.python."platforms.linux-x64"]
checksum = "sha256:7ce4a71285d913955a76053cc7605ea96da8ecada54dba9cf395245961816421"
url = "https://github.com/astral-sh/python-build-standalone/releases/download/20260825/cpython-3.12.14+20260825-x86_64-unknown-linux-gnu-install_only_stripped.tar.gz"
provenance = "github-attestations"

[tools.python."platforms.linux-x64-musl"]
checksum = "sha256:cf814a8afed85f1994a9b7fd16146c7faeac4f21ab68fd91537b357fd0bb0899"
url = "https://github.com/astral-sh/python-build-standalone/releases/download/20260825/cpython-3.12.14+20260825-x86_64-unknown-linux-musl-install_only_stripped.tar.gz"
provenance = "github-attestations"

[tools.python."platforms.macos-arm64"]
checksum = "sha256:8b0f1fa71eab7ca644e482c631807a1116fa848491051cd1c8d9429491de63a6"
url = "https://github.com/astral-sh/python-build-standalone/releases/download/20260825/cpython-3.12.14+20260825-aarch64-apple-darwin-install_only_stripped.tar.gz"
provenance = "github-attestations"

[tools.python."platforms.macos-x64"]
checksum = "sha256:bd486eadd20259ad1fece28c800205baac0113c3b9cc663ddae495c19ba9db38"
url = "https://github.com/astral-sh/python-build-standalone/releases/download/20260825/cpython-3.12.14+20260825-x86_64-apple-darwin-install_only_stripped.tar.gz"
provenance = "github-attestations"

[tools.python."platforms.windows-x64"]
checksum = "sha256:8e6aad12ef6fc9685e67ce66253f8f72d6e8fa02cb7187e5850bd4db5ecd9e2a"
url = "https://github.com/astral-sh/python-build-standalone/releases/download/20260825/cpython-3.12.14+20260825-x86_64-pc-windows-msvc-install_only_stripped.tar.gz"
provenance = "github-attestations"

[[tools.shellcheck]]
version = "0.11.0"
backend = "aqua:koalaman/shellcheck"
specifiers = ["0.11.0"]

[tools.shellcheck."platforms.linux-arm64"]
checksum = "sha256:12b331c1d2db6b9eb13cfca64306b1b157a86eb69db83023e261eaa7e7c14588"
url = "https://github.com/koalaman/shellcheck/releases/download/v0.11.0/shellcheck-v0.11.0.linux.aarch64.tar.xz"
url_api = "https://api.github.com/repos/koalaman/shellcheck/releases/assets/279056934"

[tools.shellcheck."platforms.linux-arm64-musl"]
checksum = "sha256:12b331c1d2db6b9eb13cfca64306b1b157a86eb69db83023e261eaa7e7c14588"
url = "https://github.com/koalaman/shellcheck/releases/download/v0.11.0/shellcheck-v0.11.0.linux.aarch64.tar.xz"
url_api = "https://api.github.com/repos/koalaman/shellcheck/releases/assets/279056934"

[tools.shellcheck."platforms.linux-x64"]
checksum = "sha256:8c3be12b05d5c177a04c29e3c78ce89ac86f1595681cab149b65b97c4e227198"
url = "https://github.com/koalaman/shellcheck/releases/download/v0.11.0/shellcheck-v0.11.0.linux.x86_64.tar.xz"
url_api = "https://api.github.com/repos/koalaman/shellcheck/releases/assets/279056942"

[tools.shellcheck."platforms.linux-x64-musl"]
checksum = "sha256:8c3be12b05d5c177a04c29e3c78ce89ac86f1595681cab149b65b97c4e227198"
url = "https://github.com/koalaman/shellcheck/releases/download/v0.11.0/shellcheck-v0.11.0.linux.x86_64.tar.xz"
url_api = "https://api.github.com/repos/koalaman/shellcheck/releases/assets/279056942"

[tools.shellcheck."platforms.macos-arm64"]
checksum = "sha256:56affdd8de5527894dca6dc3d7e0a99a873b0f004d7aabc30ae407d3f48b0a79"
url = "https://github.com/koalaman/shellcheck/releases/download/v0.11.0/shellcheck-v0.11.0.darwin.aarch64.tar.xz"
url_api = "https://api.github.com/repos/koalaman/shellcheck/releases/assets/279056932"

[tools.shellcheck."platforms.macos-x64"]
checksum = "sha256:3c89db4edcab7cf1c27bff178882e0f6f27f7afdf54e859fa041fca10febe4c6"
url = "https://github.com/koalaman/shellcheck/releases/download/v0.11.0/shellcheck-v0.11.0.darwin.x86_64.tar.xz"
url_api = "https://api.github.com/repos/koalaman/shellcheck/releases/assets/279056930"

[tools.shellcheck."platforms.windows-x64"]
checksum = "sha256:8a4e35ab0b331c85d73567b12f2a444df187f483e5079ceffa6bda1faa2e740e"
url = "https://github.com/koalaman/shellcheck/releases/download/v0.11.0/shellcheck-v0.11.0.zip"
url_api = "https://api.github.com/repos/koalaman/shellcheck/releases/assets/279056944"

[[tools.typos]]
version = "1.40.0"
backend = "aqua:crate-ci/typos"
specifiers = ["1.40.0"]

[tools.typos."platforms.linux-arm64"]
checksum = "sha256:349b2c3f7c7fba125e978df232faa9c5a57c33aa144f88cbc250c8c6d3e8e054"
url = "https://github.com/crate-ci/typos/releases/download/v1.40.0/typos-v1.40.0-aarch64-unknown-linux-musl.tar.gz"
url_api = "https://api.github.com/repos/crate-ci/typos/releases/assets/321211246"

[tools.typos."platforms.linux-arm64-musl"]
checksum = "sha256:349b2c3f7c7fba125e978df232faa9c5a57c33aa144f88cbc250c8c6d3e8e054"
url = "https://github.com/crate-ci/typos/releases/download/v1.40.0/typos-v1.40.0-aarch64-unknown-linux-musl.tar.gz"
url_api = "https://api.github.com/repos/crate-ci/typos/releases/assets/321211246"

[tools.typos."platforms.linux-x64"]
checksum = "sha256:485405d0a92871f45ead0703d23c04ae6969ad4a6e5799794f55eb04b9f07801"
url = "https://github.com/crate-ci/typos/releases/download/v1.40.0/typos-v1.40.0-x86_64-unknown-linux-musl.tar.gz"
url_api = "https://api.github.com/repos/crate-ci/typos/releases/assets/321211468"

[tools.typos."platforms.linux-x64-musl"]
checksum = "sha256:485405d0a92871f45ead0703d23c04ae6969ad4a6e5799794f55eb04b9f07801"
url = "https://github.com/crate-ci/typos/releases/download/v1.40.0/typos-v1.40.0-x86_64-unknown-linux-musl.tar.gz"
url_api = "https://api.github.com/repos/crate-ci/typos/releases/assets/321211468"

[tools.typos."platforms.macos-arm64"]
checksum = "sha256:1ea9ed6520b94d0e1148942e3ef80a997ff8db856e1389edaa9a5bdaff658fa4"
url = "https://github.com/crate-ci/typos/releases/download/v1.40.0/typos-v1.40.0-aarch64-apple-darwin.tar.gz"
url_api = "https://api.github.com/repos/crate-ci/typos/releases/assets/321211367"

[tools.typos."platforms.macos-x64"]
checksum = "sha256:51368551a37e15464438ea5c95ad29cb7239bfdefd69ee9a9be5ff3d45fc4d19"
url = "https://github.com/crate-ci/typos/releases/download/v1.40.0/typos-v1.40.0-x86_64-apple-darwin.tar.gz"
url_api = "https://api.github.com/repos/crate-ci/typos/releases/assets/321212055"

[tools.typos."platforms.windows-x64"]
checksum = "sha256:f13426420749fae31136e15a245c8eb144d6d3d681b3300d54d1a129999a140d"
url = "https://github.com/crate-ci/typos/releases/download/v1.40.0/typos-v1.40.0-x86_64-pc-windows-msvc.zip"
url_api = "https://api.github.com/repos/crate-ci/typos/releases/assets/321211787"
